
Microsoft Visual Studio Solution File, Format Version 12.00
# Visual Studio Version 16
VisualStudioVersion = 16.0.31025.194
MinimumVisualStudioVersion = 10.0.40219.1
Project("{FAE04EC0-301F-11D3-BF4B-00C04F79EFBC}") = "Client", "Client\Client.csproj", "{A906891E-2372-435E-A94E-42690E5E8E63}"
EndProject
Global
       GlobalSection(SolutionConfigurationPlatforms) = preSolution
               Debug|Any CPU = Debug|Any CPU
               Release|Any CPU = Release|Any CPU
       EndGlobalSection
       GlobalSection(ProjectConfigurationPlatforms) = postSolution
               {A906891E-2372-435E-A94E-42690E5E8E63}.Debug|Any CPU.ActiveCfg = Debug|Any CPU
               {A906891E-2372-435E-A94E-42690E5E8E63}.Debug|Any CPU.Build.0 = Debug|Any CPU
               {A906891E-2372-435E-A94E-42690E5E8E63}.Release|Any CPU.ActiveCfg = Release|Any CPU
               {A906891E-2372-435E-A94E-42690E5E8E63}.Release|Any CPU.Build.0 = Release|Any CPU
       EndGlobalSection
       GlobalSection(SolutionProperties) = preSolution
               HideSolutionNode = FALSE
       EndGlobalSection
       GlobalSection(ExtensibilityGlobals) = postSolution
               SolutionGuid = {C94305B6-5263-4957-BF1E-4420ED69D092}
       EndGlobalSection
EndGlobal
